
Microsoft Visual Studio Solution File, Format Version 12.00
Project("{FAE04EC0-301F-11D3-BF4B-00C04F79EFBC}") = "BaseConsoleApp", "BaseConsoleApp\BaseConsoleApp.csproj", "{0F6C2B15-DD3C-42F9-A912-29099DCC5381}"
EndProject
Project("{FAE04EC0-301F-11D3-BF4B-00C04F79EFBC}") = "GradientDescent.Algorithm", "GradientDescent.Algorithm\GradientDescent.Algorithm.csproj", "{18A24133-28CC-4E70-8ECE-2863D8AA7D00}"
EndProject
Global
	GlobalSection(SolutionConfigurationPlatforms) = preSolution
		Debug|Any CPU = Debug|Any CPU
		Release|Any CPU = Release|Any CPU
	EndGlobalSection
	GlobalSection(ProjectConfigurationPlatforms) = postSolution
		{0F6C2B15-DD3C-42F9-A912-29099DCC5381}.Debug|Any CPU.ActiveCfg = Debug|Any CPU
		{0F6C2B15-DD3C-42F9-A912-29099DCC5381}.Debug|Any CPU.Build.0 = Debug|Any CPU
		{0F6C2B15-DD3C-42F9-A912-29099DCC5381}.Release|Any CPU.ActiveCfg = Release|Any CPU
		{0F6C2B15-DD3C-42F9-A912-29099DCC5381}.Release|Any CPU.Build.0 = Release|Any CPU
		{18A24133-28CC-4E70-8ECE-2863D8AA7D00}.Debug|Any CPU.ActiveCfg = Debug|Any CPU
		{18A24133-28CC-4E70-8ECE-2863D8AA7D00}.Debug|Any CPU.Build.0 = Debug|Any CPU
		{18A24133-28CC-4E70-8ECE-2863D8AA7D00}.Release|Any CPU.ActiveCfg = Release|Any CPU
		{18A24133-28CC-4E70-8ECE-2863D8AA7D00}.Release|Any CPU.Build.0 = Release|Any CPU
	EndGlobalSection
EndGlobal
